# This file is @generated by PDM.
# It is not intended for manual editing.

[metadata]
groups = ["default", "typing", "test"]
strategy = ["cross_platform", "inherit_metadata"]
lock_version = "4.4.1"
content_hash = "sha256:99cb2f215685f738bdf3b417439cebdbef63dffc0995ef12e271c8378a2c6287"

[[package]]
name = "annotated-types"
version = "0.6.0"
requires_python = ">=3.8"
summary = "Reusable constraint types to use with typing.Annotated"
groups = ["default", "typing"]
files = [
    {file = "annotated_types-0.6.0-py3-none-any.whl", hash = "sha256:0641064de18ba7a25dee8f96403ebc39113d0cb953a01429249d5c7564666a43"},
    {file = "annotated_types-0.6.0.tar.gz", hash = "sha256:563339e807e53ffd9c267e99fc6d9ea23eb8443c08f112651963e24e22f84a5d"},
]

[[package]]
name = "anyio"
version = "3.7.1"
requires_python = ">=3.7"
summary = "High level compatibility layer for multiple asynchronous event loop implementations"
groups = ["default", "test"]
dependencies = [
    "exceptiongroup; python_version < \"3.11\"",
    "idna>=2.8",
    "sniffio>=1.1",
]
files = [
    {file = "anyio-3.7.1-py3-none-any.whl", hash = "sha256:91dee416e570e92c64041bd18b900d1d6fa78dff7048769ce5ac5ddad004fbb5"},
    {file = "anyio-3.7.1.tar.gz", hash = "sha256:44a3c9aba0f5defa43261a8b3efb97891f2bd7d804e0e1f56419befa1adfc780"},
]

[[package]]
name = "certifi"
version = "2023.11.17"
requires_python = ">=3.6"
summary = "Python package for providing Mozilla's CA Bundle."
groups = ["default", "test"]
files = [
    {file = "certifi-2023.11.17-py3-none-any.whl", hash = "sha256:e036ab49d5b79556f99cfc2d9320b34cfbe5be05c5871b51de9329f0603b0474"},
    {file = "certifi-2023.11.17.tar.gz", hash = "sha256:9b469f3a900bf28dc19b8cfbf8019bf47f7fdd1a65a1d4ffb98fc14166beb4d1"},
]

[[package]]
name = "charset-normalizer"
version = "3.3.2"
requires_python = ">=3.7.0"
summary = "The Real First Universal Charset Detector. Open, modern and actively maintained alternative to Chardet."
groups = ["default"]
files = [
    {file = "charset-normalizer-3.3.2.tar.gz", hash = "sha256:f30c3cb33b24454a82faecaf01b19c18562b1e89558fb6c56de4d9118a032fd5"},
    {file = "charset_normalizer-3.3.2-cp310-cp310-macosx_10_9_universal2.whl", hash = "sha256:25baf083bf6f6b341f4121c2f3c548875ee6f5339300e08be3f2b2ba1721cdd3"},
    {file = "charset_normalizer-3.3.2-cp310-cp310-macosx_10_9_x86_64.whl", hash = "sha256:06435b539f889b1f6f4ac1758871aae42dc3a8c0e24ac9e60c2384973ad73027"},
    {file = "charset_normalizer-3.3.2-cp310-cp310-macosx_11_0_arm64.whl", hash = "sha256:9063e24fdb1e498ab71cb7419e24622516c4a04476b17a2dab57e8baa30d6e03"},
    {file = "charset_normalizer-3.3.2-cp310-cp310-manylinux_2_17_aarch64.manylinux2014_aarch64.whl", hash = "sha256:6897af51655e3691ff853668779c7bad41579facacf5fd7253b0133308cf000d"},
    {file = "charset_normalizer-3.3.2-cp310-cp310-manylinux_2_17_ppc64le.manylinux2014_ppc64le.whl", hash = "sha256:1d3193f4a680c64b4b6a9115943538edb896edc190f0b222e73761716519268e"},
    {file = "charset_normalizer-3.3.2-cp310-cp310-manylinux_2_17_s390x.manylinux2014_s390x.whl", hash = "sha256:cd70574b12bb8a4d2aaa0094515df2463cb429d8536cfb6c7ce983246983e5a6"},
    {file = "charset_normalizer-3.3.2-cp310-cp310-manylinux_2_17_x86_64.manylinux2014_x86_64.whl", hash = "sha256:8465322196c8b4d7ab6d1e049e4c5cb460d0394da4a27d23cc242fbf0034b6b5"},
    {file = "charset_normalizer-3.3.2-cp310-cp310-manylinux_2_5_i686.manylinux1_i686.manylinux_2_17_i686.manylinux2014_i686.whl", hash = "sha256:a9a8e9031d613fd2009c182b69c7b2c1ef8239a0efb1df3f7c8da66d5dd3d537"},
    {file = "charset_normalizer-3.3.2-cp310-cp310-musllinux_1_1_aarch64.whl", hash = "sha256:beb58fe5cdb101e3a055192ac291b7a21e3b7ef4f67fa1d74e331a7f2124341c"},
    {file = "charset_normalizer-3.3.2-cp310-cp310-musllinux_1_1_i686.whl", hash = "sha256:e06ed3eb3218bc64786f7db41917d4e686cc4856944f53d5bdf83a6884432e12"},
    {file = "charset_normalizer-3.3.2-cp310-cp310-musllinux_1_1_ppc64le.whl", hash = "sha256:2e81c7b9c8979ce92ed306c249d46894776a909505d8f5a4ba55b14206e3222f"},
    {file = "charset_normalizer-3.3.2-cp310-cp310-musllinux_1_1_s390x.whl", hash = "sha256:572c3763a264ba47b3cf708a44ce965d98555f618ca42c926a9c1616d8f34269"},
    {file = "charset_normalizer-3.3.2-cp310-cp310-musllinux_1_1_x86_64.whl", hash = "sha256:fd1abc0d89e30cc4e02e4064dc67fcc51bd941eb395c502aac3ec19fab46b519"},
    {file = "charset_normalizer-3.3.2-cp310-cp310-win32.whl", hash = "sha256:3d47fa203a7bd9c5b6cee4736ee84ca03b8ef23193c0d1ca99b5089f72645c73"},
    {file = "charset_normalizer-3.3.2-cp310-cp310-win_amd64.whl", hash = "sha256:10955842570876604d404661fbccbc9c7e684caf432c09c715ec38fbae45ae09"},
    {file = "charset_normalizer-3.3.2-py3-none-any.whl", hash = "sha256:3e4d1f6587322d2788836a99c69062fbb091331ec940e02d12d179c1d53e25fc"},
]

[[package]]
name = "click"
version = "8.1.7"
requires_python = ">=3.7"
summary = "Composable command line interface toolkit"
groups = ["default"]
dependencies = [
    "colorama; platform_system == \"Windows\"",
]
files = [
    {file = "click-8.1.7-py3-none-any.whl", hash = "sha256:ae74fb96c20a0277a1d615f1e4d73c8414f5a98db8b799a7931d1582f3390c28"},
    {file = "click-8.1.7.tar.gz", hash = "sha256:ca9853ad459e787e2192211578cc907e7594e294c7ccc834310722b41b9ca6de"},
]

[[package]]
name = "colorama"
version = "0.4.6"
requires_python = "!=3.0.*,!=3.1.*,!=3.2.*,!=3.3.*,!=3.4.*,!=3.5.*,!=3.6.*,>=2.7"
summary = "Cross-platform colored terminal text."
groups = ["default", "test"]
marker = "sys_platform == \"win32\" or platform_system == \"Windows\""
files = [
    {file = "colorama-0.4.6-py2.py3-none-any.whl", hash = "sha256:4f1d9991f5acc0ca119f9d443620b77f9d6b33703e51011c16baf57afb285fc6"},
    {file = "colorama-0.4.6.tar.gz", hash = "sha256:08695f5cb7ed6e0531a20572697297273c47b8cae5a63ffc6d6ed5c201be6e44"},
]

[[package]]
name = "exceptiongroup"
version = "1.2.0"
requires_python = ">=3.7"
summary = "Backport of PEP 654 (exception groups)"
groups = ["default", "test"]
marker = "python_version < \"3.11\""
files = [
    {file = "exceptiongroup-1.2.0-py3-none-any.whl", hash = "sha256:4bfd3996ac73b41e9b9628b04e079f193850720ea5945fc96a08633c66912f14"},
    {file = "exceptiongroup-1.2.0.tar.gz", hash = "sha256:91f5c769735f051a4290d52edd0858999b57e5876e9f85937691bd4c9fa3ed68"},
]

[[package]]
name = "fastapi"
version = "0.104.1"
requires_python = ">=3.8"
summary = "FastAPI framework, high performance, easy to learn, fast to code, ready for production"
groups = ["default"]
dependencies = [
    "anyio<4.0.0,>=3.7.1",
    "pydantic!=1.8,!=1.8.1,!=2.0.0,!=2.0.1,!=2.1.0,<3.0.0,>=1.7.4",
    "starlette<0.28.0,>=0.27.0",
    "typing-extensions>=4.8.0",
]
files = [
    {file = "fastapi-0.104.1-py3-none-any.whl", hash = "sha256:752dc31160cdbd0436bb93bad51560b57e525cbb1d4bbf6f4904ceee75548241"},
    {file = "fastapi-0.104.1.tar.gz", hash = "sha256:e5e4540a7c5e1dcfbbcf5b903c234feddcdcd881f191977a1c5dfd917487e7ae"},
]

[[package]]
name = "greenlet"
version = "3.0.2"
requires_python = ">=3.7"
summary = "Lightweight in-process concurrent programming"
groups = ["default"]
marker = "platform_machine == \"win32\" or platform_machine == \"WIN32\" or platform_machine == \"AMD64\" or platform_machine == \"amd64\" or platform_machine == \"x86_64\" or platform_machine == \"ppc64le\" or platform_machine == \"aarch64\""
files = [
    {file = "greenlet-3.0.2-cp310-cp310-macosx_11_0_universal2.whl", hash = "sha256:9acd8fd67c248b8537953cb3af8787c18a87c33d4dcf6830e410ee1f95a63fd4"},
    {file = "greenlet-3.0.2-cp310-cp310-manylinux_2_17_aarch64.manylinux2014_aarch64.whl", hash = "sha256:339c0272a62fac7e602e4e6ec32a64ff9abadc638b72f17f6713556ed011d493"},
    {file = "greenlet-3.0.2-cp310-cp310-manylinux_2_17_ppc64le.manylinux2014_ppc64le.whl", hash = "sha256:38878744926cec29b5cc3654ef47f3003f14bfbba7230e3c8492393fe29cc28b"},
    {file = "greenlet-3.0.2-cp310-cp310-manylinux_2_17_s390x.manylinux2014_s390x.whl", hash = "sha256:b3f0497db77cfd034f829678b28267eeeeaf2fc21b3f5041600f7617139e6773"},
    {file = "greenlet-3.0.2-cp310-cp310-manylinux_2_17_x86_64.manylinux2014_x86_64.whl", hash = "sha256:ed1a8a08de7f68506a38f9a2ddb26bbd1480689e66d788fcd4b5f77e2d9ecfcc"},
    {file = "greenlet-3.0.2-cp310-cp310-manylinux_2_24_x86_64.manylinux_2_28_x86_64.whl", hash = "sha256:89a6f6ddcbef4000cda7e205c4c20d319488ff03db961d72d4e73519d2465309"},
    {file = "greenlet-3.0.2-cp310-cp310-musllinux_1_1_aarch64.whl", hash = "sha256:c1f647fe5b94b51488b314c82fdda10a8756d650cee8d3cd29f657c6031bdf73"},
    {file = "greenlet-3.0.2-cp310-cp310-musllinux_1_1_x86_64.whl", hash = "sha256:9560c580c896030ff9c311c603aaf2282234643c90d1dec738a1d93e3e53cd51"},
    {file = "greenlet-3.0.2-cp310-cp310-win_amd64.whl", hash = "sha256:2e9c5423046eec21f6651268cb674dfba97280701e04ef23d312776377313206"},
    {file = "greenlet-3.0.2.tar.gz", hash = "sha256:1c1129bc47266d83444c85a8e990ae22688cf05fb20d7951fd2866007c2ba9bc"},
]

[[package]]
name = "h11"
version = "0.14.0"
requires_python = ">=3.7"
summary = "A pure-Python, bring-your-own-I/O implementation of HTTP/1.1"
groups = ["default", "test"]
files = [
    {file = "h11-0.14.0-py3-none-any.whl", hash = "sha256:e3fe4ac4b851c468cc8363d500db52c2ead036020723024a109d37346efaa761"},
    {file = "h11-0.14.0.tar.gz", hash = "sha256:8f19fbbe99e72420ff35c00b27a34cb9937e902a8b810e2c88300c6f0a3b699d"},
]

[[package]]
name = "httpcore"
version = "1.0.2"
requires_python = ">=3.8"
summary = "A minimal low-level HTTP client."
groups = ["test"]
dependencies = [
    "certifi",
    "h11<0.15,>=0.13",
]
files = [
    {file = "httpcore-1.0.2-py3-none-any.whl", hash = "sha256:096cc05bca73b8e459a1fc3dcf585148f63e534eae4339559c9b8a8d6399acc7"},
    {file = "httpcore-1.0.2.tar.gz", hash = "sha256:9fc092e4799b26174648e54b74ed5f683132a464e95643b226e00c2ed2fa6535"},
]

[[package]]
name = "httpx"
version = "0.25.2"
requires_python = ">=3.8"
summary = "The next generation HTTP client."
groups = ["test"]
dependencies = [
    "anyio",
    "certifi",
    "httpcore==1.*",
    "idna",
    "sniffio",
]
files = [
    {file = "httpx-0.25.2-py3-none-any.whl", hash = "sha256:a05d3d052d9b2dfce0e3896636467f8a5342fb2b902c819428e1ac65413ca118"},
    {file = "httpx-0.25.2.tar.gz", hash = "sha256:8b8fcaa0c8ea7b05edd69a094e63a2094c4efcb48129fb757361bc423c0ad9e8"},
]

[[package]]
name = "idna"
version = "3.6"
requires_python = ">=3.5"
summary = "Internationalized Domain Names in Applications (IDNA)"
groups = ["default", "test"]
files = [
    {file = "idna-3.6-py3-none-any.whl", hash = "sha256:c05567e9c24a6b9faaa835c4821bad0590fbb9d5779e7caa6e1cc4978e7eb24f"},
    {file = "idna-3.6.tar.gz", hash = "sha256:9ecdbbd083b06798ae1e86adcbfe8ab1479cf864e4ee30fe4e46a003d12491ca"},
]

[[package]]
name = "iniconfig"
version = "2.0.0"
requires_python = ">=3.7"
summary = "brain-dead simple config-ini parsing"
groups = ["test"]
files = [
    {file = "iniconfig-2.0.0-py3-none-any.whl", hash = "sha256:b6a85871a79d2e3b22d2d1b94ac2824226a63c6b741c88f7ae975f18b6778374"},
    {file = "iniconfig-2.0.0.tar.gz", hash = "sha256:2d91e135bf72d31a410b17c16da610a82cb55f6b0477d1a902134b24a455b8b3"},
]

[[package]]
name = "packaging"
version = "23.2"
requires_python = ">=3.7"
summary = "Core utilities for Python packages"
groups = ["test"]
files = [
    {file = "packaging-23.2-py3-none-any.whl", hash = "sha256:8c491190033a9af7e1d931d0b5dacc2ef47509b34dd0de67ed209b5203fc88c7"},
    {file = "packaging-23.2.tar.gz", hash = "sha256:048fb0e9405036518eaaf48a55953c750c11e1a1b68e0dd1a9d62ed0c092cfc5"},
]

[[package]]
name = "pluggy"
version = "1.3.0"
requires_python = ">=3.8"
summary = "plugin and hook calling mechanisms for python"
groups = ["test"]
files = [
    {file = "pluggy-1.3.0-py3-none-any.whl", hash = "sha256:d89c696a773f8bd377d18e5ecda92b7a3793cbe66c87060a6fb58c7b6e1061f7"},
    {file = "pluggy-1.3.0.tar.gz", hash = "sha256:cf61ae8f126ac6f7c451172cf30e3e43d3ca77615509771b3a984a0730651e12"},
]

[[package]]
name = "psycopg2-binary"
version = "2.9.3"
requires_python = ">=3.6"
summary = "psycopg2 - Python-PostgreSQL Database Adapter"
groups = ["default"]
files = [
    {file = "psycopg2-binary-2.9.3.tar.gz", hash = "sha256:761df5313dc15da1502b21453642d7599d26be88bff659382f8f9747c7ebea4e"},
    {file = "psycopg2_binary-2.9.3-cp310-cp310-macosx_10_14_x86_64.macosx_10_9_intel.macosx_10_9_x86_64.macosx_10_10_intel.macosx_10_10_x86_64.whl", hash = "sha256:539b28661b71da7c0e428692438efbcd048ca21ea81af618d845e06ebfd29478"},
    {file = "psycopg2_binary-2.9.3-cp310-cp310-macosx_11_0_arm64.whl", hash = "sha256:2f2534ab7dc7e776a263b463a16e189eb30e85ec9bbe1bff9e78dae802608932"},
    {file = "psycopg2_binary-2.9.3-cp310-cp310-manylinux_2_17_i686.manylinux2014_i686.whl", hash = "sha256:6e82d38390a03da28c7985b394ec3f56873174e2c88130e6966cb1c946508e65"},
    {file = "psycopg2_binary-2.9.3-cp310-cp310-manylinux_2_17_x86_64.manylinux2014_x86_64.whl", hash = "sha256:57804fc02ca3ce0dbfbef35c4b3a4a774da66d66ea20f4bda601294ad2ea6092"},
    {file = "psycopg2_binary-2.9.3-cp310-cp310-manylinux_2_24_aarch64.whl", hash = "sha256:083a55275f09a62b8ca4902dd11f4b33075b743cf0d360419e2051a8a5d5ff76"},
    {file = "psycopg2_binary-2.9.3-cp310-cp310-manylinux_2_24_ppc64le.whl", hash = "sha256:0a29729145aaaf1ad8bafe663131890e2111f13416b60e460dae0a96af5905c9"},
    {file = "psycopg2_binary-2.9.3-cp310-cp310-musllinux_1_1_aarch64.whl", hash = "sha256:3a79d622f5206d695d7824cbf609a4f5b88ea6d6dab5f7c147fc6d333a8787e4"},
    {file = "psycopg2_binary-2.9.3-cp310-cp310-musllinux_1_1_i686.whl", hash = "sha256:090f3348c0ab2cceb6dfbe6bf721ef61262ddf518cd6cc6ecc7d334996d64efa"},
    {file = "psycopg2_binary-2.9.3-cp310-cp310-musllinux_1_1_ppc64le.whl", hash = "sha256:a9e1f75f96ea388fbcef36c70640c4efbe4650658f3d6a2967b4cc70e907352e"},
    {file = "psycopg2_binary-2.9.3-cp310-cp310-musllinux_1_1_x86_64.whl", hash = "sha256:c3ae8e75eb7160851e59adc77b3a19a976e50622e44fd4fd47b8b18208189d42"},
    {file = "psycopg2_binary-2.9.3-cp310-cp310-win32.whl", hash = "sha256:7b1e9b80afca7b7a386ef087db614faebbf8839b7f4db5eb107d0f1a53225029"},
    {file = "psycopg2_binary-2.9.3-cp310-cp310-win_amd64.whl", hash = "sha256:8b344adbb9a862de0c635f4f0425b7958bf5a4b927c8594e6e8d261775796d53"},
]

[[package]]
name = "pydantic"
version = "2.5.2"
requires_python = ">=3.7"
summary = "Data validation using Python type hints"
groups = ["default"]
dependencies = [
    "annotated-types>=0.4.0",
    "pydantic-core==2.14.5",
    "typing-extensions>=4.6.1",
]
files = [
    {file = "pydantic-2.5.2-py3-none-any.whl", hash = "sha256:80c50fb8e3dcecfddae1adbcc00ec5822918490c99ab31f6cf6140ca1c1429f0"},
    {file = "pydantic-2.5.2.tar.gz", hash = "sha256:ff177ba64c6faf73d7afa2e8cad38fd456c0dbe01c9954e71038001cd15a6edd"},
]

[[package]]
name = "pydantic-core"
version = "2.14.5"
requires_python = ">=3.7"
summary = ""
groups = ["default"]
dependencies = [
    "typing-extensions!=4.7.0,>=4.6.0",
]
files = [
    {file = "pydantic_core-2.14.5-cp310-cp310-macosx_10_7_x86_64.whl", hash = "sha256:7e88f5696153dc516ba6e79f82cc4747e87027205f0e02390c21f7cb3bd8abfd"},
    {file = "pydantic_core-2.14.5-cp310-cp310-macosx_11_0_arm64.whl", hash = "sha256:4641e8ad4efb697f38a9b64ca0523b557c7931c5f84e0fd377a9a3b05121f0de"},
    {file = "pydantic_core-2.14.5-cp310-cp310-manylinux_2_17_aarch64.manylinux2014_aarch64.whl", hash = "sha256:774de879d212db5ce02dfbf5b0da9a0ea386aeba12b0b95674a4ce0593df3d07"},
    {file = "pydantic_core-2.14.5-cp310-cp310-manylinux_2_17_armv7l.manylinux2014_armv7l.whl", hash = "sha256:ebb4e035e28f49b6f1a7032920bb9a0c064aedbbabe52c543343d39341a5b2a3"},
    {file = "pydantic_core-2.14.5-cp310-cp310-manylinux_2_17_ppc64le.manylinux2014_ppc64le.whl", hash = "sha256:b53e9ad053cd064f7e473a5f29b37fc4cc9dc6d35f341e6afc0155ea257fc911"},
    {file = "pydantic_core-2.14.5-cp310-cp310-manylinux_2_17_s390x.manylinux2014_s390x.whl", hash = "sha256:8aa1768c151cf562a9992462239dfc356b3d1037cc5a3ac829bb7f3bda7cc1f9"},
    {file = "pydantic_core-2.14.5-cp310-cp310-manylinux_2_17_x86_64.manylinux2014_x86_64.whl", hash = "sha256:eac5c82fc632c599f4639a5886f96867ffced74458c7db61bc9a66ccb8ee3113"},
    {file = "pydantic_core-2.14.5-cp310-cp310-manylinux_2_5_i686.manylinux1_i686.whl", hash = "sha256:d2ae91f50ccc5810b2f1b6b858257c9ad2e08da70bf890dee02de1775a387c66"},
    {file = "pydantic_core-2.14.5-cp310-cp310-musllinux_1_1_aarch64.whl", hash = "sha256:6b9ff467ffbab9110e80e8c8de3bcfce8e8b0fd5661ac44a09ae5901668ba997"},
    {file = "pydantic_core-2.14.5-cp310-cp310-musllinux_1_1_x86_64.whl", hash = "sha256:61ea96a78378e3bd5a0be99b0e5ed00057b71f66115f5404d0dae4819f495093"},
    {file = "pydantic_core-2.14.5-cp310-none-win32.whl", hash = "sha256:bb4c2eda937a5e74c38a41b33d8c77220380a388d689bcdb9b187cf6224c9720"},
    {file = "pydantic_core-2.14.5-cp310-none-win_amd64.whl", hash = "sha256:b7851992faf25eac90bfcb7bfd19e1f5ffa00afd57daec8a0042e63c74a4551b"},
    {file = "pydantic_core-2.14.5-pp310-pypy310_pp73-macosx_10_7_x86_64.whl", hash = "sha256:79e0a2cdbdc7af3f4aee3210b1172ab53d7ddb6a2d8c24119b5706e622b346d0"},
    {file = "pydantic_core-2.14.5-pp310-pypy310_pp73-macosx_11_0_arm64.whl", hash = "sha256:678265f7b14e138d9a541ddabbe033012a2953315739f8cfa6d754cc8063e8ca"},
    {file = "pydantic_core-2.14.5-pp310-pypy310_pp73-manylinux_2_17_aarch64.manylinux2014_aarch64.whl", hash = "sha256:95b15e855ae44f0c6341ceb74df61b606e11f1087e87dcb7482377374aac6abe"},
    {file = "pydantic_core-2.14.5-pp310-pypy310_pp73-manylinux_2_17_x86_64.manylinux2014_x86_64.whl", hash = "sha256:09b0e985fbaf13e6b06a56d21694d12ebca6ce5414b9211edf6f17738d82b0f8"},
    {file = "pydantic_core-2.14.5-pp310-pypy310_pp73-manylinux_2_5_i686.manylinux1_i686.whl", hash = "sha256:3ad873900297bb36e4b6b3f7029d88ff9829ecdc15d5cf20161775ce12306f8a"},
    {file = "pydantic_core-2.14.5-pp310-pypy310_pp73-musllinux_1_1_aarch64.whl", hash = "sha256:2d0ae0d8670164e10accbeb31d5ad45adb71292032d0fdb9079912907f0085f4"},
    {file = "pydantic_core-2.14.5-pp310-pypy310_pp73-musllinux_1_1_x86_64.whl", hash = "sha256:d37f8ec982ead9ba0a22a996129594938138a1503237b87318392a48882d50b7"},
    {file = "pydantic_core-2.14.5-pp310-pypy310_pp73-win_amd64.whl", hash = "sha256:35613015f0ba7e14c29ac6c2483a657ec740e5ac5758d993fdd5870b07a61d8b"},
    {file = "pydantic_core-2.14.5-pp37-pypy37_pp73-macosx_10_7_x86_64.whl", hash = "sha256:ab4ea451082e684198636565224bbb179575efc1658c48281b2c866bfd4ddf04"},
    {file = "pydantic_core-2.14.5-pp37-pypy37_pp73-manylinux_2_17_aarch64.manylinux2014_aarch64.whl", hash = "sha256:4ce601907e99ea5b4adb807ded3570ea62186b17f88e271569144e8cca4409c7"},
    {file = "pydantic_core-2.14.5-pp37-pypy37_pp73-manylinux_2_17_x86_64.manylinux2014_x86_64.whl", hash = "sha256:fb2ed8b3fe4bf4506d6dab3b93b83bbc22237e230cba03866d561c3577517d18"},
    {file = "pydantic_core-2.14.5-pp37-pypy37_pp73-manylinux_2_5_i686.manylinux1_i686.whl", hash = "sha256:70f947628e074bb2526ba1b151cee10e4c3b9670af4dbb4d73bc8a89445916b5"},
    {file = "pydantic_core-2.14.5-pp37-pypy37_pp73-musllinux_1_1_aarch64.whl", hash = "sha256:4bc536201426451f06f044dfbf341c09f540b4ebdb9fd8d2c6164d733de5e634"},
    {file = "pydantic_core-2.14.5-pp37-pypy37_pp73-musllinux_1_1_x86_64.whl", hash = "sha256:f4791cf0f8c3104ac668797d8c514afb3431bc3305f5638add0ba1a5a37e0d88"},
    {file = "pydantic_core-2.14.5-pp38-pypy38_pp73-macosx_10_7_x86_64.whl", hash = "sha256:038c9f763e650712b899f983076ce783175397c848da04985658e7628cbe873b"},
    {file = "pydantic_core-2.14.5-pp38-pypy38_pp73-macosx_11_0_arm64.whl", hash = "sha256:27548e16c79702f1e03f5628589c6057c9ae17c95b4c449de3c66b589ead0520"},
    {file = "pydantic_core-2.14.5-pp38-pypy38_pp73-manylinux_2_17_aarch64.manylinux2014_aarch64.whl", hash = "sha256:c97bee68898f3f4344eb02fec316db93d9700fb1e6a5b760ffa20d71d9a46ce3"},
    {file = "pydantic_core-2.14.5-pp38-pypy38_pp73-manylinux_2_17_x86_64.manylinux2014_x86_64.whl", hash = "sha256:b9b759b77f5337b4ea024f03abc6464c9f35d9718de01cfe6bae9f2e139c397e"},
    {file = "pydantic_core-2.14.5-pp38-pypy38_pp73-manylinux_2_5_i686.manylinux1_i686.whl", hash = "sha256:439c9afe34638ace43a49bf72d201e0ffc1a800295bed8420c2a9ca8d5e3dbb3"},
    {file = "pydantic_core-2.14.5-pp38-pypy38_pp73-musllinux_1_1_aarch64.whl", hash = "sha256:ba39688799094c75ea8a16a6b544eb57b5b0f3328697084f3f2790892510d144"},
    {file = "pydantic_core-2.14.5-pp38-pypy38_pp73-musllinux_1_1_x86_64.whl", hash = "sha256:ccd4d5702bb90b84df13bd491be8d900b92016c5a455b7e14630ad7449eb03f8"},
    {file = "pydantic_core-2.14.5-pp38-pypy38_pp73-win_amd64.whl", hash = "sha256:81982d78a45d1e5396819bbb4ece1fadfe5f079335dd28c4ab3427cd95389944"},
    {file = "pydantic_core-2.14.5-pp39-pypy39_pp73-macosx_10_7_x86_64.whl", hash = "sha256:7f8210297b04e53bc3da35db08b7302a6a1f4889c79173af69b72ec9754796b8"},
    {file = "pydantic_core-2.14.5-pp39-pypy39_pp73-macosx_11_0_arm64.whl", hash = "sha256:8c8a8812fe6f43a3a5b054af6ac2d7b8605c7bcab2804a8a7d68b53f3cd86e00"},
    {file = "pydantic_core-2.14.5-pp39-pypy39_pp73-manylinux_2_17_aarch64.manylinux2014_aarch64.whl", hash = "sha256:206ed23aecd67c71daf5c02c3cd19c0501b01ef3cbf7782db9e4e051426b3d0d"},
    {file = "pydantic_core-2.14.5-pp39-pypy39_pp73-manylinux_2_17_x86_64.manylinux2014_x86_64.whl", hash = "sha256:c2027d05c8aebe61d898d4cffd774840a9cb82ed356ba47a90d99ad768f39789"},
    {file = "pydantic_core-2.14.5-pp39-pypy39_pp73-manylinux_2_5_i686.manylinux1_i686.whl", hash = "sha256:40180930807ce806aa71eda5a5a5447abb6b6a3c0b4b3b1b1962651906484d68"},
    {file = "pydantic_core-2.14.5-pp39-pypy39_pp73-musllinux_1_1_aarch64.whl", hash = "sha256:615a0a4bff11c45eb3c1996ceed5bdaa2f7b432425253a7c2eed33bb86d80abc"},
    {file = "pydantic_core-2.14.5-pp39-pypy39_pp73-musllinux_1_1_x86_64.whl", hash = "sha256:f5e412d717366e0677ef767eac93566582518fe8be923361a5c204c1a62eaafe"},
    {file = "pydantic_core-2.14.5-pp39-pypy39_pp73-win_amd64.whl", hash = "sha256:513b07e99c0a267b1d954243845d8a833758a6726a3b5d8948306e3fe14675e3"},
    {file = "pydantic_core-2.14.5.tar.gz", hash = "sha256:6d30226dfc816dd0fdf120cae611dd2215117e4f9b124af8c60ab9093b6e8e71"},
]

[[package]]
name = "pytest"
version = "7.4.3"
requires_python = ">=3.7"
summary = "pytest: simple powerful testing with Python"
groups = ["test"]
dependencies = [
    "colorama; sys_platform == \"win32\"",
    "exceptiongroup>=1.0.0rc8; python_version < \"3.11\"",
    "iniconfig",
    "packaging",
    "pluggy<2.0,>=0.12",
    "tomli>=1.0.0; python_version < \"3.11\"",
]
files = [
    {file = "pytest-7.4.3-py3-none-any.whl", hash = "sha256:0d009c083ea859a71b76adf7c1d502e4bc170b80a8ef002da5806527b9591fac"},
    {file = "pytest-7.4.3.tar.gz", hash = "sha256:d989d136982de4e3b29dabcc838ad581c64e8ed52c11fbe86ddebd9da0818cd5"},
]

[[package]]
name = "requests"
version = "2.31.0"
requires_python = ">=3.7"
summary = "Python HTTP for Humans."
groups = ["default"]
dependencies = [
    "certifi>=2017.4.17",
    "charset-normalizer<4,>=2",
    "idna<4,>=2.5",
    "urllib3<3,>=1.21.1",
]
files = [
    {file = "requests-2.31.0-py3-none-any.whl", hash = "sha256:58cd2187c01e70e6e26505bca751777aa9f2ee0b7f4300988b709f44e013003f"},
    {file = "requests-2.31.0.tar.gz", hash = "sha256:942c5a758f98d790eaed1a29cb6eefc7ffb0d1cf7af05c3d2791656dbd6ad1e1"},
]

[[package]]
name = "sniffio"
version = "1.3.0"
requires_python = ">=3.7"
summary = "Sniff out which async library your code is running under"
groups = ["default", "test"]
files = [
    {file = "sniffio-1.3.0-py3-none-any.whl", hash = "sha256:eecefdce1e5bbfb7ad2eeaabf7c1eeb404d7757c379bd1f7e5cce9d8bf425384"},
    {file = "sniffio-1.3.0.tar.gz", hash = "sha256:e60305c5e5d314f5389259b7f22aaa33d8f7dee49763119234af3755c55b9101"},
]

[[package]]
name = "sqlalchemy"
version = "2.0.23"
requires_python = ">=3.7"
summary = "Database Abstraction Library"
groups = ["default"]
dependencies = [
    "greenlet!=0.4.17; platform_machine == \"win32\" or platform_machine == \"WIN32\" or platform_machine == \"AMD64\" or platform_machine == \"amd64\" or platform_machine == \"x86_64\" or platform_machine == \"ppc64le\" or platform_machine == \"aarch64\"",
    "typing-extensions>=4.2.0",
]
files = [
    {file = "SQLAlchemy-2.0.23-cp310-cp310-macosx_10_9_x86_64.whl", hash = "sha256:638c2c0b6b4661a4fd264f6fb804eccd392745c5887f9317feb64bb7cb03b3ea"},
    {file = "SQLAlchemy-2.0.23-cp310-cp310-macosx_11_0_arm64.whl", hash = "sha256:e3b5036aa326dc2df50cba3c958e29b291a80f604b1afa4c8ce73e78e1c9f01d"},
    {file = "SQLAlchemy-2.0.23-cp310-cp310-manylinux_2_17_aarch64.manylinux2014_aarch64.whl", hash = "sha256:787af80107fb691934a01889ca8f82a44adedbf5ef3d6ad7d0f0b9ac557e0c34"},
    {file = "SQLAlchemy-2.0.23-cp310-cp310-manylinux_2_17_x86_64.manylinux2014_x86_64.whl", hash = "sha256:c14eba45983d2f48f7546bb32b47937ee2cafae353646295f0e99f35b14286ab"},
    {file = "SQLAlchemy-2.0.23-cp310-cp310-musllinux_1_1_aarch64.whl", hash = "sha256:0666031df46b9badba9bed00092a1ffa3aa063a5e68fa244acd9f08070e936d3"},
    {file = "SQLAlchemy-2.0.23-cp310-cp310-musllinux_1_1_x86_64.whl", hash = "sha256:89a01238fcb9a8af118eaad3ffcc5dedaacbd429dc6fdc43fe430d3a941ff965"},
    {file = "SQLAlchemy-2.0.23-cp310-cp310-win32.whl", hash = "sha256:cabafc7837b6cec61c0e1e5c6d14ef250b675fa9c3060ed8a7e38653bd732ff8"},
    {file = "SQLAlchemy-2.0.23-cp310-cp310-win_amd64.whl", hash = "sha256:87a3d6b53c39cd173990de2f5f4b83431d534a74f0e2f88bd16eabb5667e65c6"},
    {file = "SQLAlchemy-2.0.23-py3-none-any.whl", hash = "sha256:31952bbc527d633b9479f5f81e8b9dfada00b91d6baba021a869095f1a97006d"},
    {file = "SQLAlchemy-2.0.23.tar.gz", hash = "sha256:c1bda93cbbe4aa2aa0aa8655c5aeda505cd219ff3e8da91d1d329e143e4aff69"},
]

[[package]]
name = "sqlalchemy-utils"
version = "0.41.1"
requires_python = ">=3.6"
summary = "Various utility functions for SQLAlchemy."
groups = ["default"]
dependencies = [
    "SQLAlchemy>=1.3",
]
files = [
    {file = "SQLAlchemy-Utils-0.41.1.tar.gz", hash = "sha256:a2181bff01eeb84479e38571d2c0718eb52042f9afd8c194d0d02877e84b7d74"},
    {file = "SQLAlchemy_Utils-0.41.1-py3-none-any.whl", hash = "sha256:6c96b0768ea3f15c0dc56b363d386138c562752b84f647fb8d31a2223aaab801"},
]

[[package]]
name = "sqlmodel"
version = "0.0.14"
requires_python = ">=3.7,<4.0"
summary = "SQLModel, SQL databases in Python, designed for simplicity, compatibility, and robustness."
groups = ["default"]
dependencies = [
    "SQLAlchemy<2.1.0,>=2.0.0",
    "pydantic<3.0.0,>=1.10.13",
]
files = [
    {file = "sqlmodel-0.0.14-py3-none-any.whl", hash = "sha256:accea3ff5d878e41ac439b11e78613ed61ce300cfcb860e87a2d73d4884cbee4"},
    {file = "sqlmodel-0.0.14.tar.gz", hash = "sha256:0bff8fc94af86b44925aa813f56cf6aabdd7f156b73259f2f60692c6a64ac90e"},
]

[[package]]
name = "starlette"
version = "0.27.0"
requires_python = ">=3.7"
summary = "The little ASGI library that shines."
groups = ["default"]
dependencies = [
    "anyio<5,>=3.4.0",
]
files = [
    {file = "starlette-0.27.0-py3-none-any.whl", hash = "sha256:918416370e846586541235ccd38a474c08b80443ed31c578a418e2209b3eef91"},
    {file = "starlette-0.27.0.tar.gz", hash = "sha256:6a6b0d042acb8d469a01eba54e9cda6cbd24ac602c4cd016723117d6a7e73b75"},
]

[[package]]
name = "tomli"
version = "2.0.1"
requires_python = ">=3.7"
summary = "A lil' TOML parser"
groups = ["test"]
marker = "python_version < \"3.11\""
files = [
    {file = "tomli-2.0.1-py3-none-any.whl", hash = "sha256:939de3e7a6161af0c887ef91b7d41a53e7c5a1ca976325f429cb46ea9bc30ecc"},
    {file = "tomli-2.0.1.tar.gz", hash = "sha256:de526c12914f0c550d15924c62d72abc48d6fe7364aa87328337a31007fe8a4f"},
]

[[package]]
name = "typing-extensions"
version = "4.9.0"
requires_python = ">=3.8"
summary = "Backported and Experimental Type Hints for Python 3.8+"
groups = ["default"]
files = [
    {file = "typing_extensions-4.9.0-py3-none-any.whl", hash = "sha256:af72aea155e91adfc61c3ae9e0e342dbc0cba726d6cba4b6c72c1f34e47291cd"},
    {file = "typing_extensions-4.9.0.tar.gz", hash = "sha256:23478f88c37f27d76ac8aee6c905017a143b0b1b886c3c9f66bc2fd94f9f5783"},
]

[[package]]
name = "urllib3"
version = "2.1.0"
requires_python = ">=3.8"
summary = "HTTP library with thread-safe connection pooling, file post, and more."
groups = ["default"]
files = [
    {file = "urllib3-2.1.0-py3-none-any.whl", hash = "sha256:55901e917a5896a349ff771be919f8bd99aff50b79fe58fec595eb37bbc56bb3"},
    {file = "urllib3-2.1.0.tar.gz", hash = "sha256:df7aa8afb0148fa78488e7899b2c59b5f4ffcfa82e6c54ccb9dd37c1d7b52d54"},
]

[[package]]
name = "uvicorn"
version = "0.24.0.post1"
requires_python = ">=3.8"
summary = "The lightning-fast ASGI server."
groups = ["default"]
dependencies = [
    "click>=7.0",
    "h11>=0.8",
    "typing-extensions>=4.0; python_version < \"3.11\"",
]
files = [
    {file = "uvicorn-0.24.0.post1-py3-none-any.whl", hash = "sha256:7c84fea70c619d4a710153482c0d230929af7bcf76c7bfa6de151f0a3a80121e"},
    {file = "uvicorn-0.24.0.post1.tar.gz", hash = "sha256:09c8e5a79dc466bdf28dead50093957db184de356fcdc48697bad3bde4c2588e"},
]
